
Microsoft Visual Studio Solution File, Format Version 12.00
# Visual Studio Version 17
VisualStudioVersion = 17.9.34723.18
MinimumVisualStudioVersion = 10.0.40219.1
Project("{FAE04EC0-301F-11D3-BF4B-00C04F79EFBC}") = "lesson", "lesson\lesson.csproj", "{C8F96C95-ECA3-45B1-A810-AC49D31D8430}"
EndProject
Global
	GlobalSection(SolutionConfigurationPlatforms) = preSolution
		Debug|Any CPU = Debug|Any CPU
		Release|Any CPU = Release|Any CPU
	EndGlobalSection
	GlobalSection(ProjectConfigurationPlatforms) = postSolution
		{C8F96C95-ECA3-45B1-A810-AC49D31D8430}.Debug|Any CPU.ActiveCfg = Debug|Any CPU
		{C8F96C95-ECA3-45B1-A810-AC49D31D8430}.Debug|Any CPU.Build.0 = Debug|Any CPU
		{C8F96C95-ECA3-45B1-A810-AC49D31D8430}.Release|Any CPU.ActiveCfg = Release|Any CPU
		{C8F96C95-ECA3-45B1-A810-AC49D31D8430}.Release|Any CPU.Build.0 = Release|Any CPU
	EndGlobalSection
	GlobalSection(SolutionProperties) = preSolution
		HideSolutionNode = FALSE
	EndGlobalSection
	GlobalSection(ExtensibilityGlobals) = postSolution
		SolutionGuid = {2B32B4BA-8837-4120-A439-E1FA3B795D86}
	EndGlobalSection
EndGlobal
